
Microsoft Visual Studio Solution File, Format Version 12.00
# Visual Studio Version 17
VisualStudioVersion = 17.14.36616.10
MinimumVisualStudioVersion = 10.0.40219.1
Project("{FAE04EC0-301F-11D3-BF4B-00C04F79EFBC}") = "TestWebApp", "WebApplication1\TestWebApp.csproj", "{DC34124F-F3AB-47DD-A886-66F6BA00BA43}"
EndProject
Project("{FAE04EC0-301F-11D3-BF4B-00C04F79EFBC}") = "RequestMetrics", "RequestMetrics\RequestMetrics.csproj", "{CA0AF821-F46C-4A6C-A4BE-CEA5907E5D0D}"
EndProject
Global
	GlobalSection(SolutionConfigurationPlatforms) = preSolution
		Debug|Any CPU = Debug|Any CPU
		Release|Any CPU = Release|Any CPU
	EndGlobalSection
	GlobalSection(ProjectConfigurationPlatforms) = postSolution
		{DC34124F-F3AB-47DD-A886-66F6BA00BA43}.Debug|Any CPU.ActiveCfg = Debug|Any CPU
		{DC34124F-F3AB-47DD-A886-66F6BA00BA43}.Debug|Any CPU.Build.0 = Debug|Any CPU
		{DC34124F-F3AB-47DD-A886-66F6BA00BA43}.Release|Any CPU.ActiveCfg = Release|Any CPU
		{DC34124F-F3AB-47DD-A886-66F6BA00BA43}.Release|Any CPU.Build.0 = Release|Any CPU
		{CA0AF821-F46C-4A6C-A4BE-CEA5907E5D0D}.Debug|Any CPU.ActiveCfg = Debug|Any CPU
		{CA0AF821-F46C-4A6C-A4BE-CEA5907E5D0D}.Debug|Any CPU.Build.0 = Debug|Any CPU
		{CA0AF821-F46C-4A6C-A4BE-CEA5907E5D0D}.Release|Any CPU.ActiveCfg = Release|Any CPU
		{CA0AF821-F46C-4A6C-A4BE-CEA5907E5D0D}.Release|Any CPU.Build.0 = Release|Any CPU
	EndGlobalSection
	GlobalSection(SolutionProperties) = preSolution
		HideSolutionNode = FALSE
	EndGlobalSection
	GlobalSection(ExtensibilityGlobals) = postSolution
		SolutionGuid = {AC5D2F51-267E-48E7-A975-18723D054B11}
	EndGlobalSection
EndGlobal
